
Microsoft Visual Studio Solution File, Format Version 12.00
# Visual Studio Version 17
VisualStudioVersion = 17.8.34330.188
MinimumVisualStudioVersion = 10.0.40219.1
Project("{9A19103F-16F7-4668-BE54-9A1E7A4F7556}") = "DomainTDD", "DomainTDD\DomainTDD.csproj", "{F7FEE6A8-EDF2-43C6-8DC2-6315165F3B45}"
EndProject
Project("{9A19103F-16F7-4668-BE54-9A1E7A4F7556}") = "DomainTDD.Tests", "DomainTDD.Tests\DomainTDD.Tests.csproj", "{C8F0513E-60DF-4D91-9198-BAD5D9E0A169}"
EndProject
Global
	GlobalSection(SolutionConfigurationPlatforms) = preSolution
		Debug|Any CPU = Debug|Any CPU
		Release|Any CPU = Release|Any CPU
	EndGlobalSection
	GlobalSection(ProjectConfigurationPlatforms) = postSolution
		{F7FEE6A8-EDF2-43C6-8DC2-6315165F3B45}.Debug|Any CPU.ActiveCfg = Debug|Any CPU
		{F7FEE6A8-EDF2-43C6-8DC2-6315165F3B45}.Debug|Any CPU.Build.0 = Debug|Any CPU
		{F7FEE6A8-EDF2-43C6-8DC2-6315165F3B45}.Release|Any CPU.ActiveCfg = Release|Any CPU
		{F7FEE6A8-EDF2-43C6-8DC2-6315165F3B45}.Release|Any CPU.Build.0 = Release|Any CPU
		{C8F0513E-60DF-4D91-9198-BAD5D9E0A169}.Debug|Any CPU.ActiveCfg = Debug|Any CPU
		{C8F0513E-60DF-4D91-9198-BAD5D9E0A169}.Debug|Any CPU.Build.0 = Debug|Any CPU
		{C8F0513E-60DF-4D91-9198-BAD5D9E0A169}.Release|Any CPU.ActiveCfg = Release|Any CPU
		{C8F0513E-60DF-4D91-9198-BAD5D9E0A169}.Release|Any CPU.Build.0 = Release|Any CPU
	EndGlobalSection
	GlobalSection(SolutionProperties) = preSolution
		HideSolutionNode = FALSE
	EndGlobalSection
	GlobalSection(ExtensibilityGlobals) = postSolution
		SolutionGuid = {55A5D81C-BE76-4B88-BA67-3DEA70AC0FBB}
	EndGlobalSection
EndGlobal
