
Microsoft Visual Studio Solution File, Format Version 12.00
# Visual Studio Version 17
VisualStudioVersion = 17.8.34330.188
MinimumVisualStudioVersion = 10.0.40219.1
Project("{FAE04EC0-301F-11D3-BF4B-00C04F79EFBC}") = "MutationTestingTDD", "MutationTestingTDD\MutationTestingTDD.csproj", "{6CB4FD21-32FC-4354-BEEB-27E507EE5BAB}"
EndProject
Project("{FAE04EC0-301F-11D3-BF4B-00C04F79EFBC}") = "MutationTestingTDD.Tests", "MutationTestingTDD.Tests\MutationTestingTDD.Tests.csproj", "{C5EF7841-1180-4A2C-8C9A-D68969E83EE5}"
EndProject
Global
	GlobalSection(SolutionConfigurationPlatforms) = preSolution
		Debug|Any CPU = Debug|Any CPU
		Release|Any CPU = Release|Any CPU
	EndGlobalSection
	GlobalSection(ProjectConfigurationPlatforms) = postSolution
		{6CB4FD21-32FC-4354-BEEB-27E507EE5BAB}.Debug|Any CPU.ActiveCfg = Debug|Any CPU
		{6CB4FD21-32FC-4354-BEEB-27E507EE5BAB}.Debug|Any CPU.Build.0 = Debug|Any CPU
		{6CB4FD21-32FC-4354-BEEB-27E507EE5BAB}.Release|Any CPU.ActiveCfg = Release|Any CPU
		{6CB4FD21-32FC-4354-BEEB-27E507EE5BAB}.Release|Any CPU.Build.0 = Release|Any CPU
		{C5EF7841-1180-4A2C-8C9A-D68969E83EE5}.Debug|Any CPU.ActiveCfg = Debug|Any CPU
		{C5EF7841-1180-4A2C-8C9A-D68969E83EE5}.Debug|Any CPU.Build.0 = Debug|Any CPU
		{C5EF7841-1180-4A2C-8C9A-D68969E83EE5}.Release|Any CPU.ActiveCfg = Release|Any CPU
		{C5EF7841-1180-4A2C-8C9A-D68969E83EE5}.Release|Any CPU.Build.0 = Release|Any CPU
	EndGlobalSection
	GlobalSection(SolutionProperties) = preSolution
		HideSolutionNode = FALSE
	EndGlobalSection
	GlobalSection(ExtensibilityGlobals) = postSolution
		SolutionGuid = {01717CAE-AE8D-4AD6-98CB-0448AF0510CA}
	EndGlobalSection
EndGlobal
