
Microsoft Visual Studio Solution File, Format Version 12.00
# Visual Studio Version 17
VisualStudioVersion = 17.8.34330.188
MinimumVisualStudioVersion = 10.0.40219.1
Project("{9A19103F-16F7-4668-BE54-9A1E7A4F7556}") = "CsvConverter", "CsvConverter\CsvConverter.csproj", "{060685DA-10E7-456A-8069-A4F76FD925CE}"
EndProject
Project("{FAE04EC0-301F-11D3-BF4B-00C04F79EFBC}") = "CsvConverter.Tests", "CsvConverter.Tests\CsvConverter.Tests.csproj", "{A60877C5-18D1-49F9-AB58-19E927C256DA}"
EndProject
Global
	GlobalSection(SolutionConfigurationPlatforms) = preSolution
		Debug|Any CPU = Debug|Any CPU
		Release|Any CPU = Release|Any CPU
	EndGlobalSection
	GlobalSection(ProjectConfigurationPlatforms) = postSolution
		{060685DA-10E7-456A-8069-A4F76FD925CE}.Debug|Any CPU.ActiveCfg = Debug|Any CPU
		{060685DA-10E7-456A-8069-A4F76FD925CE}.Debug|Any CPU.Build.0 = Debug|Any CPU
		{060685DA-10E7-456A-8069-A4F76FD925CE}.Release|Any CPU.ActiveCfg = Release|Any CPU
		{060685DA-10E7-456A-8069-A4F76FD925CE}.Release|Any CPU.Build.0 = Release|Any CPU
		{A60877C5-18D1-49F9-AB58-19E927C256DA}.Debug|Any CPU.ActiveCfg = Debug|Any CPU
		{A60877C5-18D1-49F9-AB58-19E927C256DA}.Debug|Any CPU.Build.0 = Debug|Any CPU
		{A60877C5-18D1-49F9-AB58-19E927C256DA}.Release|Any CPU.ActiveCfg = Release|Any CPU
		{A60877C5-18D1-49F9-AB58-19E927C256DA}.Release|Any CPU.Build.0 = Release|Any CPU
	EndGlobalSection
	GlobalSection(SolutionProperties) = preSolution
		HideSolutionNode = FALSE
	EndGlobalSection
	GlobalSection(ExtensibilityGlobals) = postSolution
		SolutionGuid = {54F602B5-6E90-43F4-9F92-7281DC7C7823}
	EndGlobalSection
EndGlobal
